
Microsoft Visual Studio Solution File, Format Version 12.00
# Visual Studio Version 17
VisualStudioVersion = 17.12.35514.174 d17.12
MinimumVisualStudioVersion = 10.0.40219.1
Project("{FAE04EC0-301F-11D3-BF4B-00C04F79EFBC}") = "Final Project", "Final Project\Final Project.csproj", "{B24A9E44-1696-473B-8D84-E9E8B45C428B}"
EndProject
Global
	GlobalSection(SolutionConfigurationPlatforms) = preSolution
		Debug|Any CPU = Debug|Any CPU
		Release|Any CPU = Release|Any CPU
	EndGlobalSection
	GlobalSection(ProjectConfigurationPlatforms) = postSolution
		{B24A9E44-1696-473B-8D84-E9E8B45C428B}.Debug|Any CPU.ActiveCfg = Debug|Any CPU
		{B24A9E44-1696-473B-8D84-E9E8B45C428B}.Debug|Any CPU.Build.0 = Debug|Any CPU
		{B24A9E44-1696-473B-8D84-E9E8B45C428B}.Release|Any CPU.ActiveCfg = Release|Any CPU
		{B24A9E44-1696-473B-8D84-E9E8B45C428B}.Release|Any CPU.Build.0 = Release|Any CPU
	EndGlobalSection
	GlobalSection(SolutionProperties) = preSolution
		HideSolutionNode = FALSE
	EndGlobalSection
EndGlobal
